// !$*UTF8*$!
{
	archiveVersion = 1;
	classes = {
	};
	objectVersion = 77;
	objects = {

/* Begin PBXContainerItemProxy section */
		7B3CA0DC2F1AB93F00607BA0 /* PBXContainerItemProxy */ = {
			isa = PBXContainerItemProxy;
			containerPortal = 7B3CA0C62F1AB93C00607BA0 /* Project object */;
			proxyType = 1;
			remoteGlobalIDString = 7B3CA0CD2F1AB93C00607BA0;
			remoteInfo = PredictiveSearch;
		};
		7B3CA0E62F1AB93F00607BA0 /* PBXContainerItemProxy */ = {
			isa = PBXContainerItemProxy;
			containerPortal = 7B3CA0C62F1AB93C00607BA0 /* Project object */;
			proxyType = 1;
			remoteGlobalIDString = 7B3CA0CD2F1AB93C00607BA0;
			remoteInfo = PredictiveSearch;
		};
/* End PBXContainerItemProxy section */

/* Begin PBXFileReference section */
		7B3CA0CE2F1AB93C00607BA0 /* PredictiveSearch.app */ = {isa = PBXFileReference; explicitFileType = wrapper.application; includeInIndex = 0; path = PredictiveSearch.app; sourceTree = BUILT_PRODUCTS_DIR; };
		7B3CA0DB2F1AB93F00607BA0 /* PredictiveSearchTests.xctest */ = {isa = PBXFileReference; explicitFileType = wrapper.cfbundle; includeInIndex = 0; path = PredictiveSearchTests.xctest; sourceTree = BUILT_PRODUCTS_DIR; };
		7B3CA0E52F1AB93F00607BA0 /* PredictiveSearchUITests.xctest */ = {isa = PBXFileReference; explicitFileType = wrapper.cfbundle; includeInIndex = 0; path = PredictiveSearchUITests.xctest; sourceTree = BUILT_PRODUCTS_DIR; };
/* End PBXFileReference section */

/* Begin PBXFileSystemSynchronizedRootGroup section */
		7B3CA0D02F1AB93C00607BA0 /* PredictiveSearch */ = {
			isa = PBXFileSystemSynchronizedRootGroup;
			path = PredictiveSearch;
			sourceTree = "<group>";
		};
		7B3CA0DE2F1AB93F00607BA0 /* PredictiveSearchTests */ = {
			isa = PBXFileSystemSynchronizedRootGroup;
			path = PredictiveSearchTests;
			sourceTree = "<group>";
		};
		7B3CA0E82F1AB93F00607BA0 /* PredictiveSearchUITests */ = {
			isa = PBXFileSystemSynchronizedRootGroup;
			path = PredictiveSearchUITests;
			sourceTree = "<group>";
		};
/* End PBXFileSystemSynchronizedRootGroup section */

/* Begin PBXFrameworksBuildPhase section */
		7B3CA0CB2F1AB93C00607BA0 /* Frameworks */ = {
			isa = PBXFrameworksBuildPhase;
			buildActionMask = 2147483647;
			files = (
			);
			runOnlyForDeploymentPostprocessing = 0;
		};
		7B3CA0D82F1AB93F00607BA0 /* Frameworks */ = {
			isa = PBXFrameworksBuildPhase;
			buildActionMask = 2147483647;
			files = (
			);
			runOnlyForDeploymentPostprocessing = 0;
		};
		7B3CA0E22F1AB93F00607BA0 /* Frameworks */ = {
			isa = PBXFrameworksBuildPhase;
			buildActionMask = 2147483647;
			files = (
			);
			runOnlyForDeploymentPostprocessing = 0;
		};
/* End PBXFrameworksBuildPhase section */

/* Begin PBXGroup section */
		7B3CA0C52F1AB93C00607BA0 = {
			isa = PBXGroup;
			children = (
				7B3CA0D02F1AB93C00607BA0 /* PredictiveSearch */,
				7B3CA0DE2F1AB93F00607BA0 /* PredictiveSearchTests */,
				7B3CA0E82F1AB93F00607BA0 /* PredictiveSearchUITests */,
				7B3CA0CF2F1AB93C00607BA0 /* Products */,
			);
			sourceTree = "<group>";
		};
		7B3CA0CF2F1AB93C00607BA0 /* Products */ = {
			isa = PBXGroup;
			children = (
				7B3CA0CE2F1AB93C00607BA0 /* PredictiveSearch.app */,
				7B3CA0DB2F1AB93F00607BA0 /* PredictiveSearchTests.xctest */,
				7B3CA0E52F1AB93F00607BA0 /* PredictiveSearchUITests.xctest */,
			);
			name = Products;
			sourceTree = "<group>";
		};
/* End PBXGroup section */

/* Begin PBXNativeTarget section */
		7B3CA0CD2F1AB93C00607BA0 /* PredictiveSearch */ = {
			isa = PBXNativeTarget;
			buildConfigurationList = 7B3CA0EF2F1AB93F00607BA0 /* Build configuration list for PBXNativeTarget "PredictiveSearch" */;
			buildPhases = (
				7B3CA0CA2F1AB93C00607BA0 /* Sources */,
				7B3CA0CB2F1AB93C00607BA0 /* Frameworks */,
				7B3CA0CC2F1AB93C00607BA0 /* Resources */,
			);
			buildRules = (
			);
			dependencies = (
			);
			fileSystemSynchronizedGroups = (
				7B3CA0D02F1AB93C00607BA0 /* PredictiveSearch */,
			);
			name = PredictiveSearch;
			packageProductDependencies = (
			);
			productName = PredictiveSearch;
			productReference = 7B3CA0CE2F1AB93C00607BA0 /* PredictiveSearch.app */;
			productType = "com.apple.product-type.application";
		};
		7B3CA0DA2F1AB93F00607BA0 /* PredictiveSearchTests */ = {
			isa = PBXNativeTarget;
			buildConfigurationList = 7B3CA0F22F1AB93F00607BA0 /* Build configuration list for PBXNativeTarget "PredictiveSearchTests" */;
			buildPhases = (
				7B3CA0D72F1AB93F00607BA0 /* Sources */,
				7B3CA0D82F1AB93F00607BA0 /* Frameworks */,
				7B3CA0D92F1AB93F00607BA0 /* Resources */,
			);
			buildRules = (
			);
			dependencies = (
				7B3CA0DD2F1AB93F00607BA0 /* PBXTargetDependency */,
			);
			fileSystemSynchronizedGroups = (
				7B3CA0DE2F1AB93F00607BA0 /* PredictiveSearchTests */,
			);
			name = PredictiveSearchTests;
			packageProductDependencies = (
			);
			productName = PredictiveSearchTests;
			productReference = 7B3CA0DB2F1AB93F00607BA0 /* PredictiveSearchTests.xctest */;
			productType = "com.apple.product-type.bundle.unit-test";
		};
		7B3CA0E42F1AB93F00607BA0 /* PredictiveSearchUITests */ = {
			isa = PBXNativeTarget;
			buildConfigurationList = 7B3CA0F52F1AB93F00607BA0 /* Build configuration list for PBXNativeTarget "PredictiveSearchUITests" */;
			buildPhases = (
				7B3CA0E12F1AB93F00607BA0 /* Sources */,
				7B3CA0E22F1AB93F00607BA0 /* Frameworks */,
				7B3CA0E32F1AB93F00607BA0 /* Resources */,
			);
			buildRules = (
			);
			dependencies = (
				7B3CA0E72F1AB93F00607BA0 /* PBXTargetDependency */,
			);
			fileSystemSynchronizedGroups = (
				7B3CA0E82F1AB93F00607BA0 /* PredictiveSearchUITests */,
			);
			name = PredictiveSearchUITests;
			packageProductDependencies = (
			);
			productName = PredictiveSearchUITests;
			productReference = 7B3CA0E52F1AB93F00607BA0 /* PredictiveSearchUITests.xctest */;
			productType = "com.apple.product-type.bundle.ui-testing";
		};
/* End PBXNativeTarget section */

/* Begin PBXProject section */
		7B3CA0C62F1AB93C00607BA0 /* Project object */ = {
			isa = PBXProject;
			attributes = {
				BuildIndependentTargetsInParallel = 1;
				LastSwiftUpdateCheck = 1640;
				LastUpgradeCheck = 1640;
				TargetAttributes = {
					7B3CA0CD2F1AB93C00607BA0 = {
						CreatedOnToolsVersion = 16.4;
					};
					7B3CA0DA2F1AB93F00607BA0 = {
						CreatedOnToolsVersion = 16.4;
						TestTargetID = 7B3CA0CD2F1AB93C00607BA0;
					};
					7B3CA0E42F1AB93F00607BA0 = {
						CreatedOnToolsVersion = 16.4;
						TestTargetID = 7B3CA0CD2F1AB93C00607BA0;
					};
				};
			};
			buildConfigurationList = 7B3CA0C92F1AB93C00607BA0 /* Build configuration list for PBXProject "PredictiveSearch" */;
			developmentRegion = en;
			hasScannedForEncodings = 0;
			knownRegions = (
				en,
				Base,
			);
			mainGroup = 7B3CA0C52F1AB93C00607BA0;
			minimizedProjectReferenceProxies = 1;
			preferredProjectObjectVersion = 77;
			productRefGroup = 7B3CA0CF2F1AB93C00607BA0 /* Products */;
			projectDirPath = "";
			projectRoot = "";
			targets = (
				7B3CA0CD2F1AB93C00607BA0 /* PredictiveSearch */,
				7B3CA0DA2F1AB93F00607BA0 /* PredictiveSearchTests */,
				7B3CA0E42F1AB93F00607BA0 /* PredictiveSearchUITests */,
			);
		};
/* End PBXProject section */

/* Begin PBXResourcesBuildPhase section */
		7B3CA0CC2F1AB93C00607BA0 /* Resources */ = {
			isa = PBXResourcesBuildPhase;
			buildActionMask = 2147483647;
			files = (
			);
			runOnlyForDeploymentPostprocessing = 0;
		};
		7B3CA0D92F1AB93F00607BA0 /* Resources */ = {
			isa = PBXResourcesBuildPhase;
			buildActionMask = 2147483647;
			files = (
			);
			runOnlyForDeploymentPostprocessing = 0;
		};
		7B3CA0E32F1AB93F00607BA0 /* Resources */ = {
			isa = PBXResourcesBuildPhase;
			buildActionMask = 2147483647;
			files = (
			);
			runOnlyForDeploymentPostprocessing = 0;
		};
/* End PBXResourcesBuildPhase section */

/* Begin PBXSourcesBuildPhase section */
		7B3CA0CA2F1AB93C00607BA0 /* Sources */ = {
			isa = PBXSourcesBuildPhase;
			buildActionMask = 2147483647;
			files = (
			);
			runOnlyForDeploymentPostprocessing = 0;
		};
		7B3CA0D72F1AB93F00607BA0 /* Sources */ = {
			isa = PBXSourcesBuildPhase;
			buildActionMask = 2147483647;
			files = (
			);
			runOnlyForDeploymentPostprocessing = 0;
		};
		7B3CA0E12F1AB93F00607BA0 /* Sources */ = {
			isa = PBXSourcesBuildPhase;
			buildActionMask = 2147483647;
			files = (
			);
			runOnlyForDeploymentPostprocessing = 0;
		};
/* End PBXSourcesBuildPhase section */

/* Begin PBXTargetDependency section */
		7B3CA0DD2F1AB93F00607BA0 /* PBXTargetDependency */ = {
			isa = PBXTargetDependency;
			target = 7B3CA0CD2F1AB93C00607BA0 /* PredictiveSearch */;
			targetProxy = 7B3CA0DC2F1AB93F00607BA0 /* PBXContainerItemProxy */;
		};
		7B3CA0E72F1AB93F00607BA0 /* PBXTargetDependency */ = {
			isa = PBXTargetDependency;
			target = 7B3CA0CD2F1AB93C00607BA0 /* PredictiveSearch */;
			targetProxy = 7B3CA0E62F1AB93F00607BA0 /* PBXContainerItemProxy */;
		};
/* End PBXTargetDependency section */

/* Begin XCBuildConfiguration section */
		7B3CA0ED2F1AB93F00607BA0 /* Debug */ = {
			isa = XCBuildConfiguration;
			buildSettings = {
				ALWAYS_SEARCH_USER_PATHS = NO;
				ASSETCATALOG_COMPILER_GENERATE_SWIFT_ASSET_SYMBOL_EXTENSIONS = YES;
				CLANG_ANALYZER_NONNULL = YES;
				CLANG_ANALYZER_NUMBER_OBJECT_CONVERSION = YES_AGGRESSIVE;
				CLANG_CXX_LANGUAGE_STANDARD = "gnu++20";
				CLANG_ENABLE_MODULES = YES;
				CLANG_ENABLE_OBJC_ARC = YES;
				CLANG_ENABLE_OBJC_WEAK = YES;
				CLANG_WARN_BLOCK_CAPTURE_AUTORELEASING = YES;
				CLANG_WARN_BOOL_CONVERSION = YES;
				CLANG_WARN_COMMA = YES;
				CLANG_WARN_CONSTANT_CONVERSION = YES;
				CLANG_WARN_DEPRECATED_OBJC_IMPLEMENTATIONS = YES;
				CLANG_WARN_DIRECT_OBJC_ISA_USAGE = YES_ERROR;
				CLANG_WARN_DOCUMENTATION_COMMENTS = YES;
				CLANG_WARN_EMPTY_BODY = YES;
				CLANG_WARN_ENUM_CONVERSION = YES;
				CLANG_WARN_INFINITE_RECURSION = YES;
				CLANG_WARN_INT_CONVERSION = YES;
				CLANG_WARN_NON_LITERAL_NULL_CONVERSION = YES;
				CLANG_WARN_OBJC_IMPLICIT_RETAIN_SELF = YES;
				CLANG_WARN_OBJC_LITERAL_CONVERSION = YES;
				CLANG_WARN_OBJC_ROOT_CLASS = YES_ERROR;
				CLANG_WARN_QUOTED_INCLUDE_IN_FRAMEWORK_HEADER = YES;
				CLANG_WARN_RANGE_LOOP_ANALYSIS = YES;
				CLANG_WARN_STRICT_PROTOTYPES = YES;
				CLANG_WARN_SUSPICIOUS_MOVE = YES;
				CLANG_WARN_UNGUARDED_AVAILABILITY = YES_AGGRESSIVE;
				CLANG_WARN_UNREACHABLE_CODE = YES;
				CLANG_WARN__DUPLICATE_METHOD_MATCH = YES;
				COPY_PHASE_STRIP = NO;
				DEBUG_INFORMATION_FORMAT = dwarf;
				ENABLE_STRICT_OBJC_MSGSEND = YES;
				ENABLE_TESTABILITY = YES;
				ENABLE_USER_SCRIPT_SANDBOXING = YES;
				GCC_C_LANGUAGE_STANDARD = gnu17;
				GCC_DYNAMIC_NO_PIC = NO;
				GCC_NO_COMMON_BLOCKS = YES;
				GCC_OPTIMIZATION_LEVEL = 0;
				GCC_PREPROCESSOR_DEFINITIONS = (
					"DEBUG=1",
					"$(inherited)",
				);
				GCC_WARN_64_TO_32_BIT_CONVERSION = YES;
				GCC_WARN_ABOUT_RETURN_TYPE = YES_ERROR;
				GCC_WARN_UNDECLARED_SELECTOR = YES;
				GCC_WARN_UNINITIALIZED_AUTOS = YES_AGGRESSIVE;
				GCC_WARN_UNUSED_FUNCTION = YES;
				GCC_WARN_UNUSED_VARIABLE = YES;
				IPHONEOS_DEPLOYMENT_TARGET = 18.5;
				LOCALIZATION_PREFERS_STRING_CATALOGS = YES;
				MTL_ENABLE_DEBUG_INFO = INCLUDE_SOURCE;
				MTL_FAST_MATH = YES;
				ONLY_ACTIVE_ARCH = YES;
				SDKROOT = iphoneos;
				SWIFT_ACTIVE_COMPILATION_CONDITIONS = "DEBUG $(inherited)";
				SWIFT_OPTIMIZATION_LEVEL = "-Onone";
			};
			name = Debug;
		};
		7B3CA0EE2F1AB93F00607BA0 /* Release */ = {
			isa = XCBuildConfiguration;
			buildSettings = {
				ALWAYS_SEARCH_USER_PATHS = NO;
				ASSETCATALOG_COMPILER_GENERATE_SWIFT_ASSET_SYMBOL_EXTENSIONS = YES;
				CLANG_ANALYZER_NONNULL = YES;
				CLANG_ANALYZER_NUMBER_OBJECT_CONVERSION = YES_AGGRESSIVE;
				CLANG_CXX_LANGUAGE_STANDARD = "gnu++20";
				CLANG_ENABLE_MODULES = YES;
				CLANG_ENABLE_OBJC_ARC = YES;
				CLANG_ENABLE_OBJC_WEAK = YES;
				CLANG_WARN_BLOCK_CAPTURE_AUTORELEASING = YES;
				CLANG_WARN_BOOL_CONVERSION = YES;
				CLANG_WARN_COMMA = YES;
				CLANG_WARN_CONSTANT_CONVERSION = YES;
				CLANG_WARN_DEPRECATED_OBJC_IMPLEMENTATIONS = YES;
				CLANG_WARN_DIRECT_OBJC_ISA_USAGE = YES_ERROR;
				CLANG_WARN_DOCUMENTATION_COMMENTS = YES;
				CLANG_WARN_EMPTY_BODY = YES;
				CLANG_WARN_ENUM_CONVERSION = YES;
				CLANG_WARN_INFINITE_RECURSION = YES;
				CLANG_WARN_INT_CONVERSION = YES;
				CLANG_WARN_NON_LITERAL_NULL_CONVERSION = YES;
				CLANG_WARN_OBJC_IMPLICIT_RETAIN_SELF = YES;
				CLANG_WARN_OBJC_LITERAL_CONVERSION = YES;
				CLANG_WARN_OBJC_ROOT_CLASS = YES_ERROR;
				CLANG_WARN_QUOTED_INCLUDE_IN_FRAMEWORK_HEADER = YES;
				CLANG_WARN_RANGE_LOOP_ANALYSIS = YES;
				CLANG_WARN_STRICT_PROTOTYPES = YES;
				CLANG_WARN_SUSPICIOUS_MOVE = YES;
				CLANG_WARN_UNGUARDED_AVAILABILITY = YES_AGGRESSIVE;
				CLANG_WARN_UNREACHABLE_CODE = YES;
				CLANG_WARN__DUPLICATE_METHOD_MATCH = YES;
				COPY_PHASE_STRIP = NO;
				DEBUG_INFORMATION_FORMAT = "dwarf-with-dsym";
				ENABLE_NS_ASSERTIONS = NO;
				ENABLE_STRICT_OBJC_MSGSEND = YES;
				ENABLE_USER_SCRIPT_SANDBOXING = YES;
				GCC_C_LANGUAGE_STANDARD = gnu17;
				GCC_NO_COMMON_BLOCKS = YES;
				GCC_WARN_64_TO_32_BIT_CONVERSION = YES;
				GCC_WARN_ABOUT_RETURN_TYPE = YES_ERROR;
				GCC_WARN_UNDECLARED_SELECTOR = YES;
				GCC_WARN_UNINITIALIZED_AUTOS = YES_AGGRESSIVE;
				GCC_WARN_UNUSED_FUNCTION = YES;
				GCC_WARN_UNUSED_VARIABLE = YES;
				IPHONEOS_DEPLOYMENT_TARGET = 18.5;
				LOCALIZATION_PREFERS_STRING_CATALOGS = YES;
				MTL_ENABLE_DEBUG_INFO = NO;
				MTL_FAST_MATH = YES;
				SDKROOT = iphoneos;
				SWIFT_COMPILATION_MODE = wholemodule;
				VALIDATE_PRODUCT = YES;
			};
			name = Release;
		};
		7B3CA0F02F1AB93F00607BA0 /* Debug */ = {
			isa = XCBuildConfiguration;
			buildSettings = {
				ASSETCATALOG_COMPILER_APPICON_NAME = AppIcon;
				ASSETCATALOG_COMPILER_GLOBAL_ACCENT_COLOR_NAME = AccentColor;
				CODE_SIGN_STYLE = Automatic;
				CURRENT_PROJECT_VERSION = 1;
				ENABLE_PREVIEWS = YES;
				GENERATE_INFOPLIST_FILE = YES;
				INFOPLIST_KEY_UIApplicationSceneManifest_Generation = YES;
				INFOPLIST_KEY_UIApplicationSupportsIndirectInputEvents = YES;
				INFOPLIST_KEY_UILaunchScreen_Generation = YES;
				INFOPLIST_KEY_UISupportedInterfaceOrientations_iPad = "UIInterfaceOrientationPortrait UIInterfaceOrientationPortraitUpsideDown UIInterfaceOrientationLandscapeLeft UIInterfaceOrientationLandscapeRight";
				INFOPLIST_KEY_UISupportedInterfaceOrientations_iPhone = "UIInterfaceOrientationPortrait UIInterfaceOrientationLandscapeLeft UIInterfaceOrientationLandscapeRight";
				LD_RUNPATH_SEARCH_PATHS = (
					"$(inherited)",
					"@executable_path/Frameworks",
				);
				MARKETING_VERSION = 1.0;
				PRODUCT_BUNDLE_IDENTIFIER = "com.-PredictiveSearch.PredictiveSearch";
				PRODUCT_NAME = "$(TARGET_NAME)";
				SWIFT_EMIT_LOC_STRINGS = YES;
				SWIFT_VERSION = 5.0;
				TARGETED_DEVICE_FAMILY = "1,2";
			};
			name = Debug;
		};
		7B3CA0F12F1AB93F00607BA0 /* Release */ = {
			isa = XCBuildConfiguration;
			buildSettings = {
				ASSETCATALOG_COMPILER_APPICON_NAME = AppIcon;
				ASSETCATALOG_COMPILER_GLOBAL_ACCENT_COLOR_NAME = AccentColor;
				CODE_SIGN_STYLE = Automatic;
				CURRENT_PROJECT_VERSION = 1;
				ENABLE_PREVIEWS = YES;
				GENERATE_INFOPLIST_FILE = YES;
				INFOPLIST_KEY_UIApplicationSceneManifest_Generation = YES;
				INFOPLIST_KEY_UIApplicationSupportsIndirectInputEvents = YES;
				INFOPLIST_KEY_UILaunchScreen_Generation = YES;
				INFOPLIST_KEY_UISupportedInterfaceOrientations_iPad = "UIInterfaceOrientationPortrait UIInterfaceOrientationPortraitUpsideDown UIInterfaceOrientationLandscapeLeft UIInterfaceOrientationLandscapeRight";
				INFOPLIST_KEY_UISupportedInterfaceOrientations_iPhone = "UIInterfaceOrientationPortrait UIInterfaceOrientationLandscapeLeft UIInterfaceOrientationLandscapeRight";
				LD_RUNPATH_SEARCH_PATHS = (
					"$(inherited)",
					"@executable_path/Frameworks",
				);
				MARKETING_VERSION = 1.0;
				PRODUCT_BUNDLE_IDENTIFIER = "com.-PredictiveSearch.PredictiveSearch";
				PRODUCT_NAME = "$(TARGET_NAME)";
				SWIFT_EMIT_LOC_STRINGS = YES;
				SWIFT_VERSION = 5.0;
				TARGETED_DEVICE_FAMILY = "1,2";
			};
			name = Release;
		};
		7B3CA0F32F1AB93F00607BA0 /* Debug */ = {
			isa = XCBuildConfiguration;
			buildSettings = {
				BUNDLE_LOADER = "$(TEST_HOST)";
				CODE_SIGN_STYLE = Automatic;
				CURRENT_PROJECT_VERSION = 1;
				GENERATE_INFOPLIST_FILE = YES;
				IPHONEOS_DEPLOYMENT_TARGET = 18.5;
				MARKETING_VERSION = 1.0;
				PRODUCT_BUNDLE_IDENTIFIER = "com.-PredictiveSearch.PredictiveSearchTests";
				PRODUCT_NAME = "$(TARGET_NAME)";
				SWIFT_EMIT_LOC_STRINGS = NO;
				SWIFT_VERSION = 5.0;
				TARGETED_DEVICE_FAMILY = "1,2";
				TEST_HOST = "$(BUILT_PRODUCTS_DIR)/PredictiveSearch.app/$(BUNDLE_EXECUTABLE_FOLDER_PATH)/PredictiveSearch";
			};
			name = Debug;
		};
		7B3CA0F42F1AB93F00607BA0 /* Release */ = {
			isa = XCBuildConfiguration;
			buildSettings = {
				BUNDLE_LOADER = "$(TEST_HOST)";
				CODE_SIGN_STYLE = Automatic;
				CURRENT_PROJECT_VERSION = 1;
				GENERATE_INFOPLIST_FILE = YES;
				IPHONEOS_DEPLOYMENT_TARGET = 18.5;
				MARKETING_VERSION = 1.0;
				PRODUCT_BUNDLE_IDENTIFIER = "com.-PredictiveSearch.PredictiveSearchTests";
				PRODUCT_NAME = "$(TARGET_NAME)";
				SWIFT_EMIT_LOC_STRINGS = NO;
				SWIFT_VERSION = 5.0;
				TARGETED_DEVICE_FAMILY = "1,2";
				TEST_HOST = "$(BUILT_PRODUCTS_DIR)/PredictiveSearch.app/$(BUNDLE_EXECUTABLE_FOLDER_PATH)/PredictiveSearch";
			};
			name = Release;
		};
		7B3CA0F62F1AB93F00607BA0 /* Debug */ = {
			isa = XCBuildConfiguration;
			buildSettings = {
				CODE_SIGN_STYLE = Automatic;
				CURRENT_PROJECT_VERSION = 1;
				GENERATE_INFOPLIST_FILE = YES;
				MARKETING_VERSION = 1.0;
				PRODUCT_BUNDLE_IDENTIFIER = "com.-PredictiveSearch.PredictiveSearchUITests";
				PRODUCT_NAME = "$(TARGET_NAME)";
				SWIFT_EMIT_LOC_STRINGS = NO;
				SWIFT_VERSION = 5.0;
				TARGETED_DEVICE_FAMILY = "1,2";
				TEST_TARGET_NAME = PredictiveSearch;
			};
			name = Debug;
		};
		7B3CA0F72F1AB93F00607BA0 /* Release */ = {
			isa = XCBuildConfiguration;
			buildSettings = {
				CODE_SIGN_STYLE = Automatic;
				CURRENT_PROJECT_VERSION = 1;
				GENERATE_INFOPLIST_FILE = YES;
				MARKETING_VERSION = 1.0;
				PRODUCT_BUNDLE_IDENTIFIER = "com.-PredictiveSearch.PredictiveSearchUITests";
				PRODUCT_NAME = "$(TARGET_NAME)";
				SWIFT_EMIT_LOC_STRINGS = NO;
				SWIFT_VERSION = 5.0;
				TARGETED_DEVICE_FAMILY = "1,2";
				TEST_TARGET_NAME = PredictiveSearch;
			};
			name = Release;
		};
/* End XCBuildConfiguration section */

/* Begin XCConfigurationList section */
		7B3CA0C92F1AB93C00607BA0 /* Build configuration list for PBXProject "PredictiveSearch" */ = {
			isa = XCConfigurationList;
			buildConfigurations = (
				7B3CA0ED2F1AB93F00607BA0 /* Debug */,
				7B3CA0EE2F1AB93F00607BA0 /* Release */,
			);
			defaultConfigurationIsVisible = 0;
			defaultConfigurationName = Release;
		};
		7B3CA0EF2F1AB93F00607BA0 /* Build configuration list for PBXNativeTarget "PredictiveSearch" */ = {
			isa = XCConfigurationList;
			buildConfigurations = (
				7B3CA0F02F1AB93F00607BA0 /* Debug */,
				7B3CA0F12F1AB93F00607BA0 /* Release */,
			);
			defaultConfigurationIsVisible = 0;
			defaultConfigurationName = Release;
		};
		7B3CA0F22F1AB93F00607BA0 /* Build configuration list for PBXNativeTarget "PredictiveSearchTests" */ = {
			isa = XCConfigurationList;
			buildConfigurations = (
				7B3CA0F32F1AB93F00607BA0 /* Debug */,
				7B3CA0F42F1AB93F00607BA0 /* Release */,
			);
			defaultConfigurationIsVisible = 0;
			defaultConfigurationName = Release;
		};
		7B3CA0F52F1AB93F00607BA0 /* Build configuration list for PBXNativeTarget "PredictiveSearchUITests" */ = {
			isa = XCConfigurationList;
			buildConfigurations = (
				7B3CA0F62F1AB93F00607BA0 /* Debug */,
				7B3CA0F72F1AB93F00607BA0 /* Release */,
			);
			defaultConfigurationIsVisible = 0;
			defaultConfigurationName = Release;
		};
/* End XCConfigurationList section */
	};
	rootObject = 7B3CA0C62F1AB93C00607BA0 /* Project object */;
}
